
Microsoft Visual Studio Solution File, Format Version 11.00
# Visual Studio 2010
Project("{FAE04EC0-301F-11D3-BF4B-00C04F79EFBC}") = "ClassicSpins.PrototypeFramework.Editor", "ClassicSpins.PrototypeFramework.Editor.csproj", "{47c7496b-63bb-2343-1c71-671d175c62b6}"
EndProject
Project("{FAE04EC0-301F-11D3-BF4B-00C04F79EFBC}") = "ClassicSpins.PrototypeFramework.Application", "ClassicSpins.PrototypeFramework.Application.csproj", "{ee50bd5d-300a-6e5a-74d6-123156a958ae}"
EndProject
Project("{FAE04EC0-301F-11D3-BF4B-00C04F79EFBC}") = "ClassicSpins.PrototypeFramework.Domain", "ClassicSpins.PrototypeFramework.Domain.csproj", "{0b9b8281-9213-233a-5a90-6383dd990ca9}"
EndProject
Project("{FAE04EC0-301F-11D3-BF4B-00C04F79EFBC}") = "ClassicSpins.PrototypeFramework.Presentation", "ClassicSpins.PrototypeFramework.Presentation.csproj", "{92228e3c-a3a7-57c0-4e07-612f1d39daa2}"
EndProject
Project("{FAE04EC0-301F-11D3-BF4B-00C04F79EFBC}") = "ClassicSpins.PrototypeFramework.Infrastructure", "ClassicSpins.PrototypeFramework.Infrastructure.csproj", "{f654b094-d5b9-9188-9a0d-1f1874c5b469}"
EndProject
Project("{FAE04EC0-301F-11D3-BF4B-00C04F79EFBC}") = "ClassicSpins.PrototypeFramework.Composition", "ClassicSpins.PrototypeFramework.Composition.csproj", "{fc26a72c-b802-fd4a-5f38-3c8fd0f5a228}"
EndProject
Project("{FAE04EC0-301F-11D3-BF4B-00C04F79EFBC}") = "Assembly-CSharp-Editor", "Assembly-CSharp-Editor.csproj", "{50f64520-e018-1fb2-809d-f41e3f3e649b}"
EndProject
Project("{FAE04EC0-301F-11D3-BF4B-00C04F79EFBC}") = "ClassicSpins.PrototypeFramework.Views", "ClassicSpins.PrototypeFramework.Views.csproj", "{ff9de68c-f754-92d2-cbec-3ad1132ca6ad}"
EndProject
Project("{FAE04EC0-301F-11D3-BF4B-00C04F79EFBC}") = "Assembly-CSharp", "Assembly-CSharp.csproj", "{224127fa-224c-b7b0-95f9-757c81550412}"
EndProject
Project("{FAE04EC0-301F-11D3-BF4B-00C04F79EFBC}") = "ClassicSpins.PrototypeFramework.Tests.Runtime", "ClassicSpins.PrototypeFramework.Tests.Runtime.csproj", "{612b45be-dc95-4df3-585a-70fef20371dd}"
EndProject
Project("{FAE04EC0-301F-11D3-BF4B-00C04F79EFBC}") = "ClassicSpins.PrototypeFramework.Tests.Editor", "ClassicSpins.PrototypeFramework.Tests.Editor.csproj", "{805be3ee-488c-f4f5-4d4a-7d11678d5fae}"
EndProject
Global
	GlobalSection(SolutionConfigurationPlatforms) = preSolution
		Debug|Any CPU = Debug|Any CPU
	EndGlobalSection
	GlobalSection(ProjectConfigurationPlatforms) = postSolution
		{47c7496b-63bb-2343-1c71-671d175c62b6}.Debug|Any CPU.ActiveCfg = Debug|Any CPU
		{47c7496b-63bb-2343-1c71-671d175c62b6}.Debug|Any CPU.Build.0 = Debug|Any CPU
		{ee50bd5d-300a-6e5a-74d6-123156a958ae}.Debug|Any CPU.ActiveCfg = Debug|Any CPU
		{ee50bd5d-300a-6e5a-74d6-123156a958ae}.Debug|Any CPU.Build.0 = Debug|Any CPU
		{0b9b8281-9213-233a-5a90-6383dd990ca9}.Debug|Any CPU.ActiveCfg = Debug|Any CPU
		{0b9b8281-9213-233a-5a90-6383dd990ca9}.Debug|Any CPU.Build.0 = Debug|Any CPU
		{92228e3c-a3a7-57c0-4e07-612f1d39daa2}.Debug|Any CPU.ActiveCfg = Debug|Any CPU
		{92228e3c-a3a7-57c0-4e07-612f1d39daa2}.Debug|Any CPU.Build.0 = Debug|Any CPU
		{f654b094-d5b9-9188-9a0d-1f1874c5b469}.Debug|Any CPU.ActiveCfg = Debug|Any CPU
		{f654b094-d5b9-9188-9a0d-1f1874c5b469}.Debug|Any CPU.Build.0 = Debug|Any CPU
		{fc26a72c-b802-fd4a-5f38-3c8fd0f5a228}.Debug|Any CPU.ActiveCfg = Debug|Any CPU
		{fc26a72c-b802-fd4a-5f38-3c8fd0f5a228}.Debug|Any CPU.Build.0 = Debug|Any CPU
		{50f64520-e018-1fb2-809d-f41e3f3e649b}.Debug|Any CPU.ActiveCfg = Debug|Any CPU
		{50f64520-e018-1fb2-809d-f41e3f3e649b}.Debug|Any CPU.Build.0 = Debug|Any CPU
		{ff9de68c-f754-92d2-cbec-3ad1132ca6ad}.Debug|Any CPU.ActiveCfg = Debug|Any CPU
		{ff9de68c-f754-92d2-cbec-3ad1132ca6ad}.Debug|Any CPU.Build.0 = Debug|Any CPU
		{224127fa-224c-b7b0-95f9-757c81550412}.Debug|Any CPU.ActiveCfg = Debug|Any CPU
		{224127fa-224c-b7b0-95f9-757c81550412}.Debug|Any CPU.Build.0 = Debug|Any CPU
		{612b45be-dc95-4df3-585a-70fef20371dd}.Debug|Any CPU.ActiveCfg = Debug|Any CPU
		{612b45be-dc95-4df3-585a-70fef20371dd}.Debug|Any CPU.Build.0 = Debug|Any CPU
		{805be3ee-488c-f4f5-4d4a-7d11678d5fae}.Debug|Any CPU.ActiveCfg = Debug|Any CPU
		{805be3ee-488c-f4f5-4d4a-7d11678d5fae}.Debug|Any CPU.Build.0 = Debug|Any CPU
	EndGlobalSection
	GlobalSection(SolutionProperties) = preSolution
		HideSolutionNode = FALSE
	EndGlobalSection
EndGlobal
